
Microsoft Visual Studio Solution File, Format Version 12.00
# Visual Studio Version 17
VisualStudioVersion = 17.9.34723.18
MinimumVisualStudioVersion = 10.0.40219.1
Project("{FAE04EC0-301F-11D3-BF4B-00C04F79EFBC}") = "TrainAPI", "TrainAPI\TrainAPI.csproj", "{C117FAF2-F2AE-4B96-825D-04E6876B9597}"
EndProject
Global
	GlobalSection(SolutionConfigurationPlatforms) = preSolution
		Debug|Any CPU = Debug|Any CPU
		Release|Any CPU = Release|Any CPU
	EndGlobalSection
	GlobalSection(ProjectConfigurationPlatforms) = postSolution
		{C117FAF2-F2AE-4B96-825D-04E6876B9597}.Debug|Any CPU.ActiveCfg = Debug|Any CPU
		{C117FAF2-F2AE-4B96-825D-04E6876B9597}.Debug|Any CPU.Build.0 = Debug|Any CPU
		{C117FAF2-F2AE-4B96-825D-04E6876B9597}.Release|Any CPU.ActiveCfg = Release|Any CPU
		{C117FAF2-F2AE-4B96-825D-04E6876B9597}.Release|Any CPU.Build.0 = Release|Any CPU
	EndGlobalSection
	GlobalSection(SolutionProperties) = preSolution
		HideSolutionNode = FALSE
	EndGlobalSection
	GlobalSection(ExtensibilityGlobals) = postSolution
		SolutionGuid = {C8667CB6-E98F-4F4E-95B0-94CB91DDC01D}
	EndGlobalSection
EndGlobal
